{
  "projects": [
    {
      "projectId": "q7hWdoDc5Fm3y1TqrPvEG7",
      "version": "latest",
      "dependencies": {},
      "lang": "js",
      "fileLocks": [
        {
          "type": "globalVariant",
          "assetId": "IFQ4PdpMK2Y",
          "checksum": "94d48cc443f908c7000318ffde716f7c"
        },
        {
          "type": "renderModule",
          "assetId": "D11D2MD8C6",
          "checksum": "83c46792f6572f5de57d6621f008ed17"
        },
        {
          "type": "cssRules",
          "assetId": "D11D2MD8C6",
          "checksum": "83c46792f6572f5de57d6621f008ed17"
        },
        {
          "type": "renderModule",
          "assetId": "MUJ328zB3I",
          "checksum": "79417db430c4e9118eba082517998d43"
        },
        {
          "type": "cssRules",
          "assetId": "MUJ328zB3I",
          "checksum": "79417db430c4e9118eba082517998d43"
        },
        {
          "type": "renderModule",
          "assetId": "d6xbjF1TjG",
          "checksum": "dd809bda5d80251977fb3a78723d3537"
        },
        {
          "type": "cssRules",
          "assetId": "d6xbjF1TjG",
          "checksum": "dd809bda5d80251977fb3a78723d3537"
        },
        {
          "type": "renderModule",
          "assetId": "PDGT-hyLQAG",
          "checksum": "943b46fcd40d13906ba11f5ab3fbe08a"
        },
        {
          "type": "cssRules",
          "assetId": "PDGT-hyLQAG",
          "checksum": "943b46fcd40d13906ba11f5ab3fbe08a"
        },
        {
          "type": "renderModule",
          "assetId": "QSTyVh7IuMa",
          "checksum": "def2ea1b869fe59089c680cf3fc45e21"
        },
        {
          "type": "cssRules",
          "assetId": "QSTyVh7IuMa",
          "checksum": "def2ea1b869fe59089c680cf3fc45e21"
        },
        {
          "type": "renderModule",
          "assetId": "hUmGidH7taW",
          "checksum": "fefb1f54e24f91361a3f5e92096d2f98"
        },
        {
          "type": "cssRules",
          "assetId": "hUmGidH7taW",
          "checksum": "fefb1f54e24f91361a3f5e92096d2f98"
        },
        {
          "type": "renderModule",
          "assetId": "hrwtliRbiP",
          "checksum": "75251a6424dd37fb9f7d8b419090b537"
        },
        {
          "type": "cssRules",
          "assetId": "hrwtliRbiP",
          "checksum": "75251a6424dd37fb9f7d8b419090b537"
        },
        {
          "type": "renderModule",
          "assetId": "nFqLLykb74N",
          "checksum": "b2e415fd5226a13ed6701b371f8ec428"
        },
        {
          "type": "cssRules",
          "assetId": "nFqLLykb74N",
          "checksum": "b2e415fd5226a13ed6701b371f8ec428"
        },
        {
          "type": "renderModule",
          "assetId": "hfGE9Z9OTc",
          "checksum": "055fa84b1e35923041904473bfe528d0"
        },
        {
          "type": "cssRules",
          "assetId": "hfGE9Z9OTc",
          "checksum": "055fa84b1e35923041904473bfe528d0"
        },
        {
          "type": "renderModule",
          "assetId": "XuhUbEaeEK",
          "checksum": "da67af2508870eeb02e144202b73b6f2"
        },
        {
          "type": "cssRules",
          "assetId": "XuhUbEaeEK",
          "checksum": "da67af2508870eeb02e144202b73b6f2"
        },
        {
          "type": "renderModule",
          "assetId": "4p-b-v7RCd",
          "checksum": "1990d4682776b21e996d61a7e54b4afc"
        },
        {
          "type": "cssRules",
          "assetId": "4p-b-v7RCd",
          "checksum": "1990d4682776b21e996d61a7e54b4afc"
        },
        {
          "type": "renderModule",
          "assetId": "9kwQ9FvLYN",
          "checksum": "8e555e3929872f1b7bf9825be4fde7b9"
        },
        {
          "type": "cssRules",
          "assetId": "9kwQ9FvLYN",
          "checksum": "8e555e3929872f1b7bf9825be4fde7b9"
        },
        {
          "type": "renderModule",
          "assetId": "CsRG6SHUQl",
          "checksum": "72171ac6029f002b5044a3ec65245743"
        },
        {
          "type": "cssRules",
          "assetId": "CsRG6SHUQl",
          "checksum": "72171ac6029f002b5044a3ec65245743"
        },
        {
          "type": "renderModule",
          "assetId": "15szqV_nv6",
          "checksum": "d2f809260711fbd0bef60d00246acc98"
        },
        {
          "type": "cssRules",
          "assetId": "15szqV_nv6",
          "checksum": "d2f809260711fbd0bef60d00246acc98"
        },
        {
          "type": "renderModule",
          "assetId": "bXzPLl1BCFu",
          "checksum": "1695e9ed41bb3f82a5d696e5a46ee728"
        },
        {
          "type": "cssRules",
          "assetId": "bXzPLl1BCFu",
          "checksum": "1695e9ed41bb3f82a5d696e5a46ee728"
        },
        {
          "type": "renderModule",
          "assetId": "Kbrkie5P0-A",
          "checksum": "6a617632cb779fbfd376a75030d9e843"
        },
        {
          "type": "cssRules",
          "assetId": "Kbrkie5P0-A",
          "checksum": "6a617632cb779fbfd376a75030d9e843"
        },
        {
          "type": "renderModule",
          "assetId": "4gWztdw3F8y",
          "checksum": "fbe67b38b74b93a820f28560469c7148"
        },
        {
          "type": "cssRules",
          "assetId": "4gWztdw3F8y",
          "checksum": "fbe67b38b74b93a820f28560469c7148"
        },
        {
          "type": "renderModule",
          "assetId": "oTgTnp5r1lc",
          "checksum": "5b881d0beac732febe71caac38bffb68"
        },
        {
          "type": "cssRules",
          "assetId": "oTgTnp5r1lc",
          "checksum": "5b881d0beac732febe71caac38bffb68"
        },
        {
          "type": "renderModule",
          "assetId": "nWnbbiuMtG",
          "checksum": "70288e160d4921ecfe41729f5616858c"
        },
        {
          "type": "cssRules",
          "assetId": "nWnbbiuMtG",
          "checksum": "70288e160d4921ecfe41729f5616858c"
        },
        {
          "type": "renderModule",
          "assetId": "l4G_UMHGZR",
          "checksum": "84859277ef6858594a99d6a572830b15"
        },
        {
          "type": "cssRules",
          "assetId": "l4G_UMHGZR",
          "checksum": "84859277ef6858594a99d6a572830b15"
        },
        {
          "type": "renderModule",
          "assetId": "L0bOag6Zd_N",
          "checksum": "5056bef421f7bdb53716f2b29a91fb0b"
        },
        {
          "type": "cssRules",
          "assetId": "L0bOag6Zd_N",
          "checksum": "5056bef421f7bdb53716f2b29a91fb0b"
        },
        {
          "type": "renderModule",
          "assetId": "sc1IlmyR3T",
          "checksum": "42fa6d65927ed322979da88eb39a9a46"
        },
        {
          "type": "cssRules",
          "assetId": "sc1IlmyR3T",
          "checksum": "42fa6d65927ed322979da88eb39a9a46"
        },
        {
          "type": "renderModule",
          "assetId": "uQIJj5y4N9",
          "checksum": "44b8427e888d0f1465073f746ac9be0b"
        },
        {
          "type": "cssRules",
          "assetId": "uQIJj5y4N9",
          "checksum": "44b8427e888d0f1465073f746ac9be0b"
        },
        {
          "type": "renderModule",
          "assetId": "P1HqAfzt9P",
          "checksum": "f7f9055d344f4b9e714d7353665c1a72"
        },
        {
          "type": "cssRules",
          "assetId": "P1HqAfzt9P",
          "checksum": "f7f9055d344f4b9e714d7353665c1a72"
        },
        {
          "type": "renderModule",
          "assetId": "D8ZnzCu9r0",
          "checksum": "712f5e221e16696be3e77eb3a883c5f3"
        },
        {
          "type": "cssRules",
          "assetId": "D8ZnzCu9r0",
          "checksum": "712f5e221e16696be3e77eb3a883c5f3"
        },
        {
          "type": "renderModule",
          "assetId": "gr85fcna-k",
          "checksum": "ecbf46a351289f45121f28ce172ce1bc"
        },
        {
          "type": "cssRules",
          "assetId": "gr85fcna-k",
          "checksum": "ecbf46a351289f45121f28ce172ce1bc"
        },
        {
          "type": "renderModule",
          "assetId": "0FGBFCPLa_",
          "checksum": "13aad7ef2e652182400fd243e484129b"
        },
        {
          "type": "cssRules",
          "assetId": "0FGBFCPLa_",
          "checksum": "13aad7ef2e652182400fd243e484129b"
        },
        {
          "type": "renderModule",
          "assetId": "Hz33POcv8Jw",
          "checksum": "5393947379bee211930bbd670456e015"
        },
        {
          "type": "cssRules",
          "assetId": "Hz33POcv8Jw",
          "checksum": "5393947379bee211930bbd670456e015"
        },
        {
          "type": "renderModule",
          "assetId": "aJHYoZ0dnS1",
          "checksum": "c25375b4e345e87e3418cefa31a70d67"
        },
        {
          "type": "cssRules",
          "assetId": "aJHYoZ0dnS1",
          "checksum": "c25375b4e345e87e3418cefa31a70d67"
        },
        {
          "type": "renderModule",
          "assetId": "9TAJOpZCudj",
          "checksum": "28eb2d72dd0110ec9ddcf6520ab07887"
        },
        {
          "type": "cssRules",
          "assetId": "9TAJOpZCudj",
          "checksum": "28eb2d72dd0110ec9ddcf6520ab07887"
        },
        {
          "type": "renderModule",
          "assetId": "x2WaPL4AHE",
          "checksum": "cc1d8d26e90d58ba2a6ea2b76da1cf9e"
        },
        {
          "type": "cssRules",
          "assetId": "x2WaPL4AHE",
          "checksum": "cc1d8d26e90d58ba2a6ea2b76da1cf9e"
        },
        {
          "type": "renderModule",
          "assetId": "vfdmvFWwUM",
          "checksum": "eed8b5c2d1442aaaba347e6dc24df806"
        },
        {
          "type": "cssRules",
          "assetId": "vfdmvFWwUM",
          "checksum": "eed8b5c2d1442aaaba347e6dc24df806"
        },
        {
          "type": "renderModule",
          "assetId": "fILv5u5xqAx",
          "checksum": "d56655637df48ebfed89405986b9eb1c"
        },
        {
          "type": "cssRules",
          "assetId": "fILv5u5xqAx",
          "checksum": "d56655637df48ebfed89405986b9eb1c"
        },
        {
          "type": "renderModule",
          "assetId": "HuYkf3chA9X",
          "checksum": "c7b7f86dd141fe06b19b173122d0b03b"
        },
        {
          "type": "cssRules",
          "assetId": "HuYkf3chA9X",
          "checksum": "c7b7f86dd141fe06b19b173122d0b03b"
        },
        {
          "type": "renderModule",
          "assetId": "HuRuA15O5sA",
          "checksum": "cb9eb368545f9867c1c9a032817556fe"
        },
        {
          "type": "cssRules",
          "assetId": "HuRuA15O5sA",
          "checksum": "cb9eb368545f9867c1c9a032817556fe"
        },
        {
          "type": "renderModule",
          "assetId": "HFLS4VKFDsZ",
          "checksum": "56819d5b7cbcac51e01343643605d603"
        },
        {
          "type": "cssRules",
          "assetId": "HFLS4VKFDsZ",
          "checksum": "56819d5b7cbcac51e01343643605d603"
        },
        {
          "type": "renderModule",
          "assetId": "EitcxuTfiwr",
          "checksum": "f2b8ca543344918376e28febab07f3be"
        },
        {
          "type": "cssRules",
          "assetId": "EitcxuTfiwr",
          "checksum": "f2b8ca543344918376e28febab07f3be"
        },
        {
          "type": "renderModule",
          "assetId": "tOZMt_Mp39",
          "checksum": "4f0ac9477ca22ad154ddac3585d766f3"
        },
        {
          "type": "cssRules",
          "assetId": "tOZMt_Mp39",
          "checksum": "4f0ac9477ca22ad154ddac3585d766f3"
        },
        {
          "type": "renderModule",
          "assetId": "EGeBYu4JO0",
          "checksum": "c7114ff4371aaeb1f6e113527d0878b8"
        },
        {
          "type": "cssRules",
          "assetId": "EGeBYu4JO0",
          "checksum": "c7114ff4371aaeb1f6e113527d0878b8"
        },
        {
          "type": "renderModule",
          "assetId": "r2ur7Mu3gzo",
          "checksum": "c78043297b824a7620e4dced2bfd0504"
        },
        {
          "type": "cssRules",
          "assetId": "r2ur7Mu3gzo",
          "checksum": "c78043297b824a7620e4dced2bfd0504"
        },
        {
          "type": "renderModule",
          "assetId": "mLSdJqxaDOP",
          "checksum": "d19c5dd6ea5e8fd7f5638e174d6f937a"
        },
        {
          "type": "cssRules",
          "assetId": "mLSdJqxaDOP",
          "checksum": "d19c5dd6ea5e8fd7f5638e174d6f937a"
        },
        {
          "type": "renderModule",
          "assetId": "G0T9zyt2KDU",
          "checksum": "aa0d6d7827e75daf49f83dbea09fce6e"
        },
        {
          "type": "cssRules",
          "assetId": "G0T9zyt2KDU",
          "checksum": "aa0d6d7827e75daf49f83dbea09fce6e"
        },
        {
          "type": "renderModule",
          "assetId": "OvMxPDCTJ_x",
          "checksum": "5411a1aa90f8a3d43fde326180c9ad5d"
        },
        {
          "type": "cssRules",
          "assetId": "OvMxPDCTJ_x",
          "checksum": "5411a1aa90f8a3d43fde326180c9ad5d"
        },
        {
          "type": "renderModule",
          "assetId": "EH7DMpItsHSa",
          "checksum": "72cf12c917db9ec51487552fb8a73a61"
        },
        {
          "type": "cssRules",
          "assetId": "EH7DMpItsHSa",
          "checksum": "72cf12c917db9ec51487552fb8a73a61"
        },
        {
          "type": "renderModule",
          "assetId": "CSq5DvY15ke",
          "checksum": "e90e238e7765ff92f8ff358295092bf0"
        },
        {
          "type": "cssRules",
          "assetId": "CSq5DvY15ke",
          "checksum": "e90e238e7765ff92f8ff358295092bf0"
        },
        {
          "type": "renderModule",
          "assetId": "g-JTfsy1AV8",
          "checksum": "e883012cddf2b4b6690c517905958fd0"
        },
        {
          "type": "cssRules",
          "assetId": "g-JTfsy1AV8",
          "checksum": "e883012cddf2b4b6690c517905958fd0"
        },
        {
          "type": "renderModule",
          "assetId": "jF1x-X1nWSN",
          "checksum": "660c7b2ec11c445d0952cd673edae58a"
        },
        {
          "type": "cssRules",
          "assetId": "jF1x-X1nWSN",
          "checksum": "660c7b2ec11c445d0952cd673edae58a"
        },
        {
          "type": "renderModule",
          "assetId": "fXH2_Fxbhwf",
          "checksum": "cd7e97144a48e9578538ed755587f427"
        },
        {
          "type": "cssRules",
          "assetId": "fXH2_Fxbhwf",
          "checksum": "cd7e97144a48e9578538ed755587f427"
        },
        {
          "type": "renderModule",
          "assetId": "EEZbiOYEIeX",
          "checksum": "b18a4b39015ae4c536f3401169d6ff49"
        },
        {
          "type": "cssRules",
          "assetId": "EEZbiOYEIeX",
          "checksum": "b18a4b39015ae4c536f3401169d6ff49"
        },
        {
          "type": "renderModule",
          "assetId": "Q0V_0uzKUkU",
          "checksum": "6833908d8845517f2f91251af6f50b13"
        },
        {
          "type": "cssRules",
          "assetId": "Q0V_0uzKUkU",
          "checksum": "6833908d8845517f2f91251af6f50b13"
        },
        {
          "type": "renderModule",
          "assetId": "NDD8Sm8rUkf",
          "checksum": "1a20800a0ef7e0595967415d86637953"
        },
        {
          "type": "cssRules",
          "assetId": "NDD8Sm8rUkf",
          "checksum": "1a20800a0ef7e0595967415d86637953"
        },
        {
          "type": "renderModule",
          "assetId": "s9MDnPLue4Q",
          "checksum": "dbbfcd31349ec73cad94c763cca05608"
        },
        {
          "type": "cssRules",
          "assetId": "s9MDnPLue4Q",
          "checksum": "dbbfcd31349ec73cad94c763cca05608"
        },
        {
          "type": "renderModule",
          "assetId": "6IJCUhb3TXZ",
          "checksum": "083ce18465926203a52530b7fc4e0978"
        },
        {
          "type": "cssRules",
          "assetId": "6IJCUhb3TXZ",
          "checksum": "083ce18465926203a52530b7fc4e0978"
        },
        {
          "type": "renderModule",
          "assetId": "reQfT9Z386x",
          "checksum": "33c18ba515234c1cd0343dd38893b2e8"
        },
        {
          "type": "cssRules",
          "assetId": "reQfT9Z386x",
          "checksum": "33c18ba515234c1cd0343dd38893b2e8"
        },
        {
          "type": "renderModule",
          "assetId": "8UuReRWrAJ8",
          "checksum": "4e7c04732cd30c27e3dff851fcdd63d6"
        },
        {
          "type": "cssRules",
          "assetId": "8UuReRWrAJ8",
          "checksum": "4e7c04732cd30c27e3dff851fcdd63d6"
        },
        {
          "type": "renderModule",
          "assetId": "S3Z2-bjrYEx",
          "checksum": "3f1b74bbcd1680ddb1666dd0e4afddc9"
        },
        {
          "type": "cssRules",
          "assetId": "S3Z2-bjrYEx",
          "checksum": "3f1b74bbcd1680ddb1666dd0e4afddc9"
        },
        {
          "type": "renderModule",
          "assetId": "cviDv8UFFe8",
          "checksum": "f3a50a0212d5545f9a11dc4f6b2bc895"
        },
        {
          "type": "cssRules",
          "assetId": "cviDv8UFFe8",
          "checksum": "f3a50a0212d5545f9a11dc4f6b2bc895"
        },
        {
          "type": "renderModule",
          "assetId": "hw4bHN5M-0W",
          "checksum": "3061a368852a19ab8c34f3048cd305eb"
        },
        {
          "type": "cssRules",
          "assetId": "hw4bHN5M-0W",
          "checksum": "3061a368852a19ab8c34f3048cd305eb"
        },
        {
          "type": "renderModule",
          "assetId": "SCf9T5aUfY",
          "checksum": "d161d9cc22b303e0783406dcb54df631"
        },
        {
          "type": "cssRules",
          "assetId": "SCf9T5aUfY",
          "checksum": "d161d9cc22b303e0783406dcb54df631"
        },
        {
          "type": "renderModule",
          "assetId": "UEK_c6mxVWq",
          "checksum": "42f903ddfc22619a7c34544510c06c22"
        },
        {
          "type": "cssRules",
          "assetId": "UEK_c6mxVWq",
          "checksum": "42f903ddfc22619a7c34544510c06c22"
        },
        {
          "type": "renderModule",
          "assetId": "fwFhbTT3LFO",
          "checksum": "abd49485b851cb738e47bee215fc7158"
        },
        {
          "type": "cssRules",
          "assetId": "fwFhbTT3LFO",
          "checksum": "abd49485b851cb738e47bee215fc7158"
        },
        {
          "type": "renderModule",
          "assetId": "laQG7AfxmqV",
          "checksum": "73724868c1410e3d90616729004c2090"
        },
        {
          "type": "cssRules",
          "assetId": "laQG7AfxmqV",
          "checksum": "73724868c1410e3d90616729004c2090"
        },
        {
          "type": "renderModule",
          "assetId": "2FmHKYp2yyp",
          "checksum": "a0c19cba41e94c983896980d92d2d364"
        },
        {
          "type": "cssRules",
          "assetId": "2FmHKYp2yyp",
          "checksum": "a0c19cba41e94c983896980d92d2d364"
        },
        {
          "type": "renderModule",
          "assetId": "xDVaEOkZ6ne",
          "checksum": "8e16c4277afe4f04820294b28e3b91bd"
        },
        {
          "type": "cssRules",
          "assetId": "xDVaEOkZ6ne",
          "checksum": "8e16c4277afe4f04820294b28e3b91bd"
        },
        {
          "type": "renderModule",
          "assetId": "YryvDymI0QD",
          "checksum": "ef420ff0d0922032d6c4a68382a6aa92"
        },
        {
          "type": "cssRules",
          "assetId": "YryvDymI0QD",
          "checksum": "ef420ff0d0922032d6c4a68382a6aa92"
        },
        {
          "type": "renderModule",
          "assetId": "x_VY91N3mL4",
          "checksum": "9023a99182af3840539a947f12a1c327"
        },
        {
          "type": "cssRules",
          "assetId": "x_VY91N3mL4",
          "checksum": "9023a99182af3840539a947f12a1c327"
        },
        {
          "type": "renderModule",
          "assetId": "dYT-_E3U63t",
          "checksum": "638d11a2786a29b030c0fbe226f12b19"
        },
        {
          "type": "cssRules",
          "assetId": "dYT-_E3U63t",
          "checksum": "638d11a2786a29b030c0fbe226f12b19"
        },
        {
          "type": "renderModule",
          "assetId": "f7grBJUEVAh",
          "checksum": "c27289b89511311d1acc45f170e08c86"
        },
        {
          "type": "cssRules",
          "assetId": "f7grBJUEVAh",
          "checksum": "c27289b89511311d1acc45f170e08c86"
        },
        {
          "type": "renderModule",
          "assetId": "A_APf0xiJBc",
          "checksum": "14e02d4928b2fbb8d65c1260f36ef3ef"
        },
        {
          "type": "cssRules",
          "assetId": "A_APf0xiJBc",
          "checksum": "14e02d4928b2fbb8d65c1260f36ef3ef"
        },
        {
          "type": "renderModule",
          "assetId": "38Z1OQ4oEu",
          "checksum": "1b2fd743f050e1703acc1929268060da"
        },
        {
          "type": "cssRules",
          "assetId": "38Z1OQ4oEu",
          "checksum": "1b2fd743f050e1703acc1929268060da"
        },
        {
          "type": "icon",
          "assetId": "wwqklLPtbGO",
          "checksum": "888e56bf2b3bf365a0ea651eb176c496"
        },
        {
          "type": "icon",
          "assetId": "vU6_RsMhMnS",
          "checksum": "7e74eb39bfddbb4be925f13c860efb18"
        },
        {
          "type": "icon",
          "assetId": "okYdK7rStz",
          "checksum": "b6dd04c02d243c377cb8376eefd79fc4"
        },
        {
          "type": "icon",
          "assetId": "iRFwBnS_ue",
          "checksum": "365d4092fcaabad80cda83def4ce1f58"
        },
        {
          "type": "icon",
          "assetId": "_k847fNqrn",
          "checksum": "5cb7dded4258d7c51490ec2f62f0f9b5"
        },
        {
          "type": "icon",
          "assetId": "Ui8hihJ34el",
          "checksum": "575f9cc4d3cc3c230b875e242adaf027"
        },
        {
          "type": "icon",
          "assetId": "aSinGb8xGPM",
          "checksum": "9b93bfce902329c6169cd3df38fe2d0e"
        },
        {
          "type": "icon",
          "assetId": "ggU-RCleXq8",
          "checksum": "9f9e57af8a8eb703e70b6e00281f1f23"
        },
        {
          "type": "icon",
          "assetId": "CNcDktYqbAk",
          "checksum": "eac63ed07128e34927b890e2d13504f2"
        },
        {
          "type": "icon",
          "assetId": "wdZlAUYjV_M",
          "checksum": "1ff3f89c56e4ba5b6db143666f446fd6"
        },
        {
          "type": "icon",
          "assetId": "sYYRTWnfiKI",
          "checksum": "a03bd632819396d2ce3176739b062aa3"
        },
        {
          "type": "icon",
          "assetId": "uoTA0MMnyKq",
          "checksum": "b690340d911052379ac9edca30c0bbc3"
        },
        {
          "type": "icon",
          "assetId": "uCAdxxq_BFp",
          "checksum": "f7a5a5d177dd1a7c6e1b46dda2a84f71"
        },
        {
          "type": "icon",
          "assetId": "yAYsIikJDbL",
          "checksum": "2b34426b1a704abc8102d250bf6d1594"
        },
        {
          "type": "icon",
          "assetId": "XY-Xz_Xw_2",
          "checksum": "542dd63ef5fc2dcf16b0480b2bba2754"
        },
        {
          "type": "icon",
          "assetId": "MQ-7bf4O1KM",
          "checksum": "16ee842e650367141200d5e5211ae7c3"
        },
        {
          "type": "icon",
          "assetId": "-4blBYDO4aQ",
          "checksum": "8c2c6a866c6a6e15874197c2246eb3cc"
        },
        {
          "type": "icon",
          "assetId": "jQN2PYl43l",
          "checksum": "5192101b1020234696911551b371b92b"
        },
        {
          "type": "icon",
          "assetId": "aUH-Z_ULa5",
          "checksum": "1ae4060bda501345324d6fc610b5056b"
        },
        {
          "type": "icon",
          "assetId": "fVDV6HIVGS",
          "checksum": "ea3b77f4e9458d541a237c8585fd10aa"
        },
        {
          "type": "icon",
          "assetId": "xV1WvSKD4M",
          "checksum": "25b9ae01ab48f71cdd03e17db5851697"
        },
        {
          "type": "icon",
          "assetId": "vs5qRiFDzzh",
          "checksum": "62643913436037610550dfb5dc017b2d"
        },
        {
          "type": "icon",
          "assetId": "IsBHC9HQFEd",
          "checksum": "b938baca2ae6a194cbc8eff1db160856"
        },
        {
          "type": "icon",
          "assetId": "DFb8w3GwePh",
          "checksum": "819725a2cf01a616053a673b9ed4ba4b"
        },
        {
          "type": "icon",
          "assetId": "Ee4q6b6ruj",
          "checksum": "89eda23ac98e383f82b04e981fbfb246"
        },
        {
          "type": "icon",
          "assetId": "96lmOkK_H",
          "checksum": "8691f039ccb4bcf635bc043d93c13da8"
        },
        {
          "type": "icon",
          "assetId": "aKku3_y_dQ",
          "checksum": "6c6e81c8441ee317893c6c1422c5f29b"
        },
        {
          "type": "icon",
          "assetId": "a7Z29UWuW",
          "checksum": "3f3c49a16d75f098a98cd3a5d9802e40"
        },
        {
          "type": "icon",
          "assetId": "gD5MEw887",
          "checksum": "b71fef1d8c62c6e3a9d6e1f00fbac0c8"
        },
        {
          "type": "icon",
          "assetId": "kRZyqswZc",
          "checksum": "25723acd81fdcca69eb1ea45489c52e9"
        },
        {
          "type": "icon",
          "assetId": "85COJrVb3",
          "checksum": "25de4afc5f262362d26f67e5295d516d"
        },
        {
          "type": "icon",
          "assetId": "U267OFghf",
          "checksum": "dee2a406395ce504daabf471ff1546e8"
        },
        {
          "type": "icon",
          "assetId": "EleV6vyFC",
          "checksum": "92b0fbba1d2e8b67782f2af0676d894e"
        },
        {
          "type": "icon",
          "assetId": "ftMo4WYUE",
          "checksum": "182455bf6da3cc4c33b3d377b22db629"
        },
        {
          "type": "icon",
          "assetId": "YBA9fDzn_",
          "checksum": "dc1e57b94dc7538a94362ac982e88ca7"
        },
        {
          "type": "icon",
          "assetId": "3GeE9xfLJ",
          "checksum": "e263c491c202ee73d6004eb75a049d45"
        },
        {
          "type": "icon",
          "assetId": "lNMT-WL5B",
          "checksum": "3d8b9745bcc2e917fe9711a08bb9f402"
        },
        {
          "type": "icon",
          "assetId": "UHPLS1RgB",
          "checksum": "efab3042057cfdc90c1137ea9818581d"
        },
        {
          "type": "icon",
          "assetId": "E2qL9DKvG",
          "checksum": "34f42164be32ed67ed5a92129ee2fb9e"
        },
        {
          "type": "icon",
          "assetId": "1gLBeasQX",
          "checksum": "f13dd3fd3cf1e76838297364305e95fd"
        },
        {
          "type": "icon",
          "assetId": "0EpOZZ_38",
          "checksum": "59d76d8ce16924d2d49f8e1e59016a14"
        },
        {
          "type": "icon",
          "assetId": "6v5uShw8O",
          "checksum": "13a28fba73b16e93d9c49c5ea7b3329c"
        },
        {
          "type": "icon",
          "assetId": "FMeo6bykj",
          "checksum": "27942e18411627c65d18d47c8492a755"
        },
        {
          "type": "icon",
          "assetId": "IaTPxY3pI",
          "checksum": "4bbb12abc90a8cb3b3f137db92110b01"
        },
        {
          "type": "icon",
          "assetId": "NhZMb6yRD",
          "checksum": "2a6297d30db3dd6bb8304f3a1bbb6c1b"
        },
        {
          "type": "icon",
          "assetId": "5SMzv80W-",
          "checksum": "2fbd547dde42c086dca160332895eee2"
        },
        {
          "type": "icon",
          "assetId": "ysvy7sO7Q",
          "checksum": "0a631b21a5431a657436665219eb04a6"
        },
        {
          "type": "icon",
          "assetId": "kWdS79nZ4",
          "checksum": "db6d0db9d531c07f6c185177e9910774"
        },
        {
          "type": "icon",
          "assetId": "wZWPQV2t5",
          "checksum": "4d0b5f8201d5d2703910551efa32d8b5"
        },
        {
          "type": "icon",
          "assetId": "Cu-cs1vCl",
          "checksum": "c88ab3a988d795098b3de056bb26bb13"
        },
        {
          "type": "image",
          "assetId": "DoVt2fR3QQj",
          "checksum": "b2a98fca37ce3461b6f51ae11de18a74"
        },
        {
          "type": "image",
          "assetId": "kUhRueDRju",
          "checksum": "286d16e6f36a1da6717186d13d124b3b"
        },
        {
          "type": "image",
          "assetId": "HpCQ8AC58",
          "checksum": "34e65c01096d5c3c34f30b34d27e8320"
        },
        {
          "type": "image",
          "assetId": "j7GeMIx_dh",
          "checksum": "36a271e0752d83f372303477a68c5998"
        },
        {
          "type": "image",
          "assetId": "t_dO0nZVmL",
          "checksum": "f2c2d3beb33c6aaa08599f74cbea17de"
        },
        {
          "type": "image",
          "assetId": "OZw5wjiNP",
          "checksum": "867b2bf48d595579aa214a61e166540e"
        },
        {
          "type": "image",
          "assetId": "yOuiknZ-8",
          "checksum": "c6c229fdf55237dec4c18c6a62801fe6"
        },
        {
          "type": "image",
          "assetId": "x81iJZ2xM",
          "checksum": "b63f0370c67c69b0e73cd21c318910dc"
        },
        {
          "type": "image",
          "assetId": "KTHsu0hVU",
          "checksum": "a8c96f2331bf94432f808d0d21fe70b4"
        },
        {
          "type": "image",
          "assetId": "q4eI4yqkM",
          "checksum": "79f96c55ae29252281a748eb5439bbba"
        },
        {
          "type": "image",
          "assetId": "nOWvjv1Ix",
          "checksum": "dbb5c5fce61fbd700ad2ac036b77828c"
        },
        {
          "type": "image",
          "assetId": "T28Zbh57F",
          "checksum": "d9dde35d6b169e75fdcf483d421bdae2"
        },
        {
          "type": "image",
          "assetId": "HA19jMDvt",
          "checksum": "a2b0cff70edcf6d485685c440905cfee"
        },
        {
          "type": "image",
          "assetId": "gn5cLoXIU",
          "checksum": "8730cd30d19979052be0c75cfce4867a"
        },
        {
          "type": "image",
          "assetId": "MpIdmHNQ-",
          "checksum": "b5af6e3cccabc43c82f147b9bc410afb"
        },
        {
          "type": "image",
          "assetId": "sGlvfvWa7",
          "checksum": "d852697b5adffc98f09bdb7fed3a69a6"
        },
        {
          "type": "image",
          "assetId": "Ll3hd0qfu",
          "checksum": "448f5b4dcc0bbc07d0e8d7d364a0b262"
        },
        {
          "type": "image",
          "assetId": "Nqwrsak57",
          "checksum": "e8d09141b11cb44f0613bcc2743d4454"
        },
        {
          "type": "image",
          "assetId": "dxTEqnrA_",
          "checksum": "d7632324e441bda6478bc0728f7f457e"
        },
        {
          "type": "image",
          "assetId": "RUtFXzAwV",
          "checksum": "5fac46cb0eb9db06dee842f73c0eab6e"
        },
        {
          "type": "image",
          "assetId": "iXXfnjyUlY",
          "checksum": "5a132b20c77dd2b71c71e8eaed6f986e"
        },
        {
          "type": "image",
          "assetId": "aumBJd7n8r",
          "checksum": "f0e050a8f08d8a74f9931ac5adc33df5"
        },
        {
          "type": "image",
          "assetId": "D7jSqY4rWF",
          "checksum": "c74a85696201a35af54d92232647f260"
        },
        {
          "type": "image",
          "assetId": "-otrIe-1Sq",
          "checksum": "37e50df28c8f3050d96916f6b4fcc2d1"
        },
        {
          "type": "image",
          "assetId": "kMxnz6BnEs",
          "checksum": "060574b6f7b27916791a0102b992b078"
        },
        {
          "type": "image",
          "assetId": "-ISCP-Ikh",
          "checksum": "3ad6b4774a44a82af9111567e2628446"
        },
        {
          "type": "image",
          "assetId": "TcZgXCAhPH",
          "checksum": "7886f6b78535e95c5387d453304a670c"
        },
        {
          "type": "image",
          "assetId": "gq8w0NrTAy",
          "checksum": "2f0891e27c402a3c400bb066d42ef615"
        },
        {
          "type": "image",
          "assetId": "KUoCR--KAl",
          "checksum": "0107d845f6f058ace8a3049a3ba7a228"
        },
        {
          "type": "image",
          "assetId": "qmefdYJlQt",
          "checksum": "bbfc17cc841995305717beb473960d60"
        },
        {
          "type": "image",
          "assetId": "W_7vk3fl0D",
          "checksum": "58369cab9597d42c4e78c9d633bc8068"
        },
        {
          "type": "image",
          "assetId": "Owk63HSsX8",
          "checksum": "0163a57bee177f960e7a5ecdd5a53c63"
        },
        {
          "type": "image",
          "assetId": "1-HT3Ij9y",
          "checksum": "a93839c6c4a79f528eee3c50b291b2d3"
        },
        {
          "type": "image",
          "assetId": "nKeetk24K",
          "checksum": "645a6682af90c59913db9f384d0053ab"
        },
        {
          "type": "image",
          "assetId": "Wu_maN8-y",
          "checksum": "b7f34832f3c097c962e3113b607485da"
        },
        {
          "type": "image",
          "assetId": "HElBxCFouW",
          "checksum": "9da9c222b41223f828dba0a7a1dd92f6"
        },
        {
          "type": "image",
          "assetId": "t4wG2wzMA",
          "checksum": "7b3849a62906e44d806f5dc1458bc823"
        },
        {
          "type": "image",
          "assetId": "ziXGklYMi",
          "checksum": "ab2d87da30bbd1eeda1e7d606f07d451"
        },
        {
          "type": "image",
          "assetId": "L-0z4TZbw",
          "checksum": "f8b64bc036ec4a993b32eff437f25bf7"
        },
        {
          "type": "image",
          "assetId": "vTD0yccwe",
          "checksum": "31158c92bddb6309ca227dee3e123537"
        },
        {
          "type": "image",
          "assetId": "Zc5vYHNYK",
          "checksum": "9f9b81b08be8bdc49ece112c1eb50e81"
        },
        {
          "type": "image",
          "assetId": "JFts74cwt",
          "checksum": "56b26a1d93c547d6b724eb90b7e2e48f"
        },
        {
          "type": "image",
          "assetId": "Ac4YHlU4v",
          "checksum": "05da9e60f05ca9b6cb1527883d9d2710"
        },
        {
          "type": "image",
          "assetId": "I-HELK9yH",
          "checksum": "8d3720023a12dd3f0227d6dfe81641af"
        },
        {
          "type": "image",
          "assetId": "Fk1XV4-hrc",
          "checksum": "d72c741e8ab20e5641a713d61367a273"
        },
        {
          "type": "image",
          "assetId": "1SHdNuEhKS",
          "checksum": "327bebad76ec2b07337ce1b79cffaf81"
        },
        {
          "type": "image",
          "assetId": "8fWbWbIAuA",
          "checksum": "56c97d8fe35d77bd8b7d0bf4019ae5ba"
        },
        {
          "type": "image",
          "assetId": "t2uxPIZo5Q",
          "checksum": "35f41afa979e86c35a9c8194337f75cb"
        },
        {
          "type": "image",
          "assetId": "0HcZRbRjwW",
          "checksum": "82dc38e7cf1e3874115d08b8476c0bd9"
        },
        {
          "type": "image",
          "assetId": "eU4I10U-s7",
          "checksum": "2db8c88ab1c4ab4d27248fa1003243d1"
        },
        {
          "type": "image",
          "assetId": "DhfD3CMTKi",
          "checksum": "49e25f2fb6fd71bd64c4df2f0cf3d0e3"
        },
        {
          "type": "image",
          "assetId": "pqafBMex-9",
          "checksum": "9e1fa437ba135dcebd611be129fe0388"
        },
        {
          "type": "image",
          "assetId": "Dw34ByA3y",
          "checksum": "4016096685f38091dde375fda5fec08b"
        },
        {
          "type": "image",
          "assetId": "Nu1XjgG0m",
          "checksum": "4b9a56afafc2e4f048d8c2fa31890b7b"
        },
        {
          "type": "image",
          "assetId": "iYGemhHF2",
          "checksum": "9bba6b5fffa59ea6ce67d003377f5e29"
        },
        {
          "type": "image",
          "assetId": "rNLgHhObX",
          "checksum": "39312d814e8ef56f98ac5d628e5d6504"
        },
        {
          "type": "image",
          "assetId": "dPN2mjKHU",
          "checksum": "56320f32ff979a17a29153b3ae53d732"
        },
        {
          "type": "image",
          "assetId": "eH7eoyOK2",
          "checksum": "7098e0879e80edd385bed661eb68858d"
        },
        {
          "type": "image",
          "assetId": "0BC7WCLqX",
          "checksum": "193ddcfda132ef0e07c6298ccc4652c9"
        },
        {
          "type": "image",
          "assetId": "O3zcEucCt",
          "checksum": "4f8058505a9933f141b7f776bbe7ca49"
        },
        {
          "type": "icon",
          "assetId": "VtYABDRst",
          "checksum": "b4d409f293de938bb0721ee5c3adff20"
        },
        {
          "type": "icon",
          "assetId": "rEv2pbypY",
          "checksum": "ea8aaa67937a83ade763fa802a84433b"
        },
        {
          "type": "renderModule",
          "assetId": "IMemp7VWpO",
          "checksum": "624fe56a408b7649e6939e6717f0ed20"
        },
        {
          "type": "cssRules",
          "assetId": "IMemp7VWpO",
          "checksum": "624fe56a408b7649e6939e6717f0ed20"
        },
        {
          "type": "image",
          "assetId": "Q5AHUSCkf",
          "checksum": "8ab3f76e828211d24cfb3b52065f1251"
        },
        {
          "type": "renderModule",
          "assetId": "6B14PY8_QE",
          "checksum": "7fabcd8332a7d6f02f7a4547350e6b4e"
        },
        {
          "type": "cssRules",
          "assetId": "6B14PY8_QE",
          "checksum": "7fabcd8332a7d6f02f7a4547350e6b4e"
        },
        {
          "type": "renderModule",
          "assetId": "3uzL35hsc1p",
          "checksum": "091881b5279661b43b77665cf9e7e776"
        },
        {
          "type": "cssRules",
          "assetId": "3uzL35hsc1p",
          "checksum": "091881b5279661b43b77665cf9e7e776"
        },
        {
          "type": "renderModule",
          "assetId": "Jv16igmJfA0",
          "checksum": "fdffc4147c777110acb314437795313e"
        },
        {
          "type": "cssRules",
          "assetId": "Jv16igmJfA0",
          "checksum": "fdffc4147c777110acb314437795313e"
        },
        {
          "type": "renderModule",
          "assetId": "yZ8foFRq7JO",
          "checksum": "02264724d438de1ef751916256aeec1a"
        },
        {
          "type": "cssRules",
          "assetId": "yZ8foFRq7JO",
          "checksum": "02264724d438de1ef751916256aeec1a"
        },
        {
          "type": "image",
          "assetId": "gIfSWrjQr",
          "checksum": "c1af0cce1b3a68f190afa3e7245eb350"
        },
        {
          "type": "image",
          "assetId": "cw6FftSid",
          "checksum": "acb371ee4d467532bd9770b2543c0e8c"
        },
        {
          "type": "renderModule",
          "assetId": "nf8JE9OOJ2Z",
          "checksum": "8a9f7ff470f7630048c1aa1de500586f"
        },
        {
          "type": "cssRules",
          "assetId": "nf8JE9OOJ2Z",
          "checksum": "8a9f7ff470f7630048c1aa1de500586f"
        },
        {
          "type": "renderModule",
          "assetId": "SgzPTn6v6Dz",
          "checksum": "d6de1e2d24b64b135aefa080f5556248"
        },
        {
          "type": "cssRules",
          "assetId": "SgzPTn6v6Dz",
          "checksum": "d6de1e2d24b64b135aefa080f5556248"
        },
        {
          "type": "renderModule",
          "assetId": "CuZ3VxrY1Jc",
          "checksum": "3b2e7460f10668bc2816e3cb830f14a3"
        },
        {
          "type": "cssRules",
          "assetId": "CuZ3VxrY1Jc",
          "checksum": "3b2e7460f10668bc2816e3cb830f14a3"
        },
        {
          "assetId": "q7hWdoDc5Fm3y1TqrPvEG7",
          "type": "projectCss",
          "checksum": "1e3b5a9add875ae56662ec270ad2a132"
        }
      ],
      "codegenVersion": "0.0.1"
    }
  ],
  "cliVersion": "0.1.167"
}
