{
  "projects": [
    {
      "projectId": "q7hWdoDc5Fm3y1TqrPvEG7",
      "version": "latest",
      "dependencies": {},
      "lang": "js",
      "fileLocks": [
        {
          "type": "globalVariant",
          "assetId": "IFQ4PdpMK2Y",
          "checksum": "94d48cc443f908c7000318ffde716f7c"
        },
        {
          "type": "renderModule",
          "assetId": "D11D2MD8C6",
          "checksum": "f8f90f2d1528eff250a06b3da891fa90"
        },
        {
          "type": "cssRules",
          "assetId": "D11D2MD8C6",
          "checksum": "f8f90f2d1528eff250a06b3da891fa90"
        },
        {
          "type": "renderModule",
          "assetId": "MUJ328zB3I",
          "checksum": "1c689ed6cd048477429483766e614f47"
        },
        {
          "type": "cssRules",
          "assetId": "MUJ328zB3I",
          "checksum": "1c689ed6cd048477429483766e614f47"
        },
        {
          "type": "renderModule",
          "assetId": "d6xbjF1TjG",
          "checksum": "e76a8d7f9351080324e9a96758219e36"
        },
        {
          "type": "cssRules",
          "assetId": "d6xbjF1TjG",
          "checksum": "e76a8d7f9351080324e9a96758219e36"
        },
        {
          "type": "renderModule",
          "assetId": "PDGT-hyLQAG",
          "checksum": "df7651f66ea3841805d1062bc64a38ee"
        },
        {
          "type": "cssRules",
          "assetId": "PDGT-hyLQAG",
          "checksum": "df7651f66ea3841805d1062bc64a38ee"
        },
        {
          "type": "renderModule",
          "assetId": "QSTyVh7IuMa",
          "checksum": "c8b1aeb6acbb456f7a131117f1705dc8"
        },
        {
          "type": "cssRules",
          "assetId": "QSTyVh7IuMa",
          "checksum": "c8b1aeb6acbb456f7a131117f1705dc8"
        },
        {
          "type": "renderModule",
          "assetId": "hUmGidH7taW",
          "checksum": "9eaba1773aec3bf478afa3a8b2bf20ce"
        },
        {
          "type": "cssRules",
          "assetId": "hUmGidH7taW",
          "checksum": "9eaba1773aec3bf478afa3a8b2bf20ce"
        },
        {
          "type": "renderModule",
          "assetId": "hrwtliRbiP",
          "checksum": "f74b666b4ebdd96987a0d39a54667859"
        },
        {
          "type": "cssRules",
          "assetId": "hrwtliRbiP",
          "checksum": "f74b666b4ebdd96987a0d39a54667859"
        },
        {
          "type": "renderModule",
          "assetId": "nFqLLykb74N",
          "checksum": "66f4c3512b467e6db760684ac87a5d6e"
        },
        {
          "type": "cssRules",
          "assetId": "nFqLLykb74N",
          "checksum": "66f4c3512b467e6db760684ac87a5d6e"
        },
        {
          "type": "renderModule",
          "assetId": "hfGE9Z9OTc",
          "checksum": "4d6c93440974227e988b95529c2e3a13"
        },
        {
          "type": "cssRules",
          "assetId": "hfGE9Z9OTc",
          "checksum": "4d6c93440974227e988b95529c2e3a13"
        },
        {
          "type": "renderModule",
          "assetId": "XuhUbEaeEK",
          "checksum": "abb9dc404b34c0c201e857e2bda04aaf"
        },
        {
          "type": "cssRules",
          "assetId": "XuhUbEaeEK",
          "checksum": "abb9dc404b34c0c201e857e2bda04aaf"
        },
        {
          "type": "renderModule",
          "assetId": "4p-b-v7RCd",
          "checksum": "0f9dd7138bb66b6470fab7f1774511e3"
        },
        {
          "type": "cssRules",
          "assetId": "4p-b-v7RCd",
          "checksum": "0f9dd7138bb66b6470fab7f1774511e3"
        },
        {
          "type": "renderModule",
          "assetId": "9kwQ9FvLYN",
          "checksum": "e0c077edb9fee6411aaafe597ece9873"
        },
        {
          "type": "cssRules",
          "assetId": "9kwQ9FvLYN",
          "checksum": "e0c077edb9fee6411aaafe597ece9873"
        },
        {
          "type": "renderModule",
          "assetId": "CsRG6SHUQl",
          "checksum": "cc7740bc861e37f434a1e781e590715e"
        },
        {
          "type": "cssRules",
          "assetId": "CsRG6SHUQl",
          "checksum": "cc7740bc861e37f434a1e781e590715e"
        },
        {
          "type": "renderModule",
          "assetId": "15szqV_nv6",
          "checksum": "3e8cfb158003d1b9415bcda753549a26"
        },
        {
          "type": "cssRules",
          "assetId": "15szqV_nv6",
          "checksum": "3e8cfb158003d1b9415bcda753549a26"
        },
        {
          "type": "renderModule",
          "assetId": "bXzPLl1BCFu",
          "checksum": "ea173dc766e4e400ae9bb2f8e1a2d361"
        },
        {
          "type": "cssRules",
          "assetId": "bXzPLl1BCFu",
          "checksum": "ea173dc766e4e400ae9bb2f8e1a2d361"
        },
        {
          "type": "renderModule",
          "assetId": "Kbrkie5P0-A",
          "checksum": "156fe7ce6ba3b01b1bf52b6f2192d3b2"
        },
        {
          "type": "cssRules",
          "assetId": "Kbrkie5P0-A",
          "checksum": "156fe7ce6ba3b01b1bf52b6f2192d3b2"
        },
        {
          "type": "renderModule",
          "assetId": "4gWztdw3F8y",
          "checksum": "ceb82eb5370482c95cd6855a18da20df"
        },
        {
          "type": "cssRules",
          "assetId": "4gWztdw3F8y",
          "checksum": "ceb82eb5370482c95cd6855a18da20df"
        },
        {
          "type": "renderModule",
          "assetId": "oTgTnp5r1lc",
          "checksum": "0f565b05020d353353c357c8fa9309df"
        },
        {
          "type": "cssRules",
          "assetId": "oTgTnp5r1lc",
          "checksum": "0f565b05020d353353c357c8fa9309df"
        },
        {
          "type": "renderModule",
          "assetId": "nWnbbiuMtG",
          "checksum": "7b23f5356950184e659aa963fde42bd8"
        },
        {
          "type": "cssRules",
          "assetId": "nWnbbiuMtG",
          "checksum": "7b23f5356950184e659aa963fde42bd8"
        },
        {
          "type": "renderModule",
          "assetId": "l4G_UMHGZR",
          "checksum": "0e2f8b05d1c90e31adaaba94a9e7df54"
        },
        {
          "type": "cssRules",
          "assetId": "l4G_UMHGZR",
          "checksum": "0e2f8b05d1c90e31adaaba94a9e7df54"
        },
        {
          "type": "renderModule",
          "assetId": "L0bOag6Zd_N",
          "checksum": "c156fdedb1f0f78d6e2c4b542ad24b9f"
        },
        {
          "type": "cssRules",
          "assetId": "L0bOag6Zd_N",
          "checksum": "c156fdedb1f0f78d6e2c4b542ad24b9f"
        },
        {
          "type": "renderModule",
          "assetId": "sc1IlmyR3T",
          "checksum": "21e75ede22fee08c0d6cc03799be41e5"
        },
        {
          "type": "cssRules",
          "assetId": "sc1IlmyR3T",
          "checksum": "21e75ede22fee08c0d6cc03799be41e5"
        },
        {
          "type": "renderModule",
          "assetId": "uQIJj5y4N9",
          "checksum": "cac2eb3763c8a39e38cd65c1e7fdfc5a"
        },
        {
          "type": "cssRules",
          "assetId": "uQIJj5y4N9",
          "checksum": "cac2eb3763c8a39e38cd65c1e7fdfc5a"
        },
        {
          "type": "renderModule",
          "assetId": "P1HqAfzt9P",
          "checksum": "2f377fc8b425a2a06d1d1f1401735a4a"
        },
        {
          "type": "cssRules",
          "assetId": "P1HqAfzt9P",
          "checksum": "2f377fc8b425a2a06d1d1f1401735a4a"
        },
        {
          "type": "renderModule",
          "assetId": "D8ZnzCu9r0",
          "checksum": "22c30f44772cff12f18cf166275d09eb"
        },
        {
          "type": "cssRules",
          "assetId": "D8ZnzCu9r0",
          "checksum": "22c30f44772cff12f18cf166275d09eb"
        },
        {
          "type": "renderModule",
          "assetId": "gr85fcna-k",
          "checksum": "c76c16b4c3e5f0e6bf9b4a5a94ea2ed1"
        },
        {
          "type": "cssRules",
          "assetId": "gr85fcna-k",
          "checksum": "c76c16b4c3e5f0e6bf9b4a5a94ea2ed1"
        },
        {
          "type": "renderModule",
          "assetId": "0FGBFCPLa_",
          "checksum": "fe057c741cd5e5ffafd9f4d3e973f6d3"
        },
        {
          "type": "cssRules",
          "assetId": "0FGBFCPLa_",
          "checksum": "fe057c741cd5e5ffafd9f4d3e973f6d3"
        },
        {
          "type": "renderModule",
          "assetId": "Hz33POcv8Jw",
          "checksum": "666ca28554c4259d660058333876842e"
        },
        {
          "type": "cssRules",
          "assetId": "Hz33POcv8Jw",
          "checksum": "666ca28554c4259d660058333876842e"
        },
        {
          "type": "renderModule",
          "assetId": "aJHYoZ0dnS1",
          "checksum": "931d54f3514a03848dd7529d3f8715f7"
        },
        {
          "type": "cssRules",
          "assetId": "aJHYoZ0dnS1",
          "checksum": "931d54f3514a03848dd7529d3f8715f7"
        },
        {
          "type": "renderModule",
          "assetId": "9TAJOpZCudj",
          "checksum": "47ec941b67f42b2ede69c7260c6e7cef"
        },
        {
          "type": "cssRules",
          "assetId": "9TAJOpZCudj",
          "checksum": "47ec941b67f42b2ede69c7260c6e7cef"
        },
        {
          "type": "renderModule",
          "assetId": "x2WaPL4AHE",
          "checksum": "55fadeed7427ecea342ad5cad4e3498e"
        },
        {
          "type": "cssRules",
          "assetId": "x2WaPL4AHE",
          "checksum": "55fadeed7427ecea342ad5cad4e3498e"
        },
        {
          "type": "renderModule",
          "assetId": "vfdmvFWwUM",
          "checksum": "1024679d28afa9064c4a3313c287fb7c"
        },
        {
          "type": "cssRules",
          "assetId": "vfdmvFWwUM",
          "checksum": "1024679d28afa9064c4a3313c287fb7c"
        },
        {
          "type": "renderModule",
          "assetId": "fILv5u5xqAx",
          "checksum": "feb8637dd7e020a4ce58eb70bea616ac"
        },
        {
          "type": "cssRules",
          "assetId": "fILv5u5xqAx",
          "checksum": "feb8637dd7e020a4ce58eb70bea616ac"
        },
        {
          "type": "renderModule",
          "assetId": "HuYkf3chA9X",
          "checksum": "83e474425af9d4e78bc2a72518adcfbb"
        },
        {
          "type": "cssRules",
          "assetId": "HuYkf3chA9X",
          "checksum": "83e474425af9d4e78bc2a72518adcfbb"
        },
        {
          "type": "renderModule",
          "assetId": "HuRuA15O5sA",
          "checksum": "fdd2fb19452d4b070671defaac874898"
        },
        {
          "type": "cssRules",
          "assetId": "HuRuA15O5sA",
          "checksum": "fdd2fb19452d4b070671defaac874898"
        },
        {
          "type": "renderModule",
          "assetId": "HFLS4VKFDsZ",
          "checksum": "52ad49eea4843d4b080ddb47b1331c2b"
        },
        {
          "type": "cssRules",
          "assetId": "HFLS4VKFDsZ",
          "checksum": "52ad49eea4843d4b080ddb47b1331c2b"
        },
        {
          "type": "renderModule",
          "assetId": "EitcxuTfiwr",
          "checksum": "c7199028d3f53f35776812d47741f191"
        },
        {
          "type": "cssRules",
          "assetId": "EitcxuTfiwr",
          "checksum": "c7199028d3f53f35776812d47741f191"
        },
        {
          "type": "renderModule",
          "assetId": "tOZMt_Mp39",
          "checksum": "4f0ac9477ca22ad154ddac3585d766f3"
        },
        {
          "type": "cssRules",
          "assetId": "tOZMt_Mp39",
          "checksum": "4f0ac9477ca22ad154ddac3585d766f3"
        },
        {
          "type": "renderModule",
          "assetId": "EGeBYu4JO0",
          "checksum": "f5ef015564c0a45609a7d13f9d935268"
        },
        {
          "type": "cssRules",
          "assetId": "EGeBYu4JO0",
          "checksum": "f5ef015564c0a45609a7d13f9d935268"
        },
        {
          "type": "renderModule",
          "assetId": "r2ur7Mu3gzo",
          "checksum": "3fe844bc265c4fb0cee5156272faf61b"
        },
        {
          "type": "cssRules",
          "assetId": "r2ur7Mu3gzo",
          "checksum": "3fe844bc265c4fb0cee5156272faf61b"
        },
        {
          "type": "renderModule",
          "assetId": "mLSdJqxaDOP",
          "checksum": "70a8a48f8af63ac88b8ab718511df2ef"
        },
        {
          "type": "cssRules",
          "assetId": "mLSdJqxaDOP",
          "checksum": "70a8a48f8af63ac88b8ab718511df2ef"
        },
        {
          "type": "renderModule",
          "assetId": "G0T9zyt2KDU",
          "checksum": "f7148cd066618451138b4eba8620a397"
        },
        {
          "type": "cssRules",
          "assetId": "G0T9zyt2KDU",
          "checksum": "f7148cd066618451138b4eba8620a397"
        },
        {
          "type": "renderModule",
          "assetId": "OvMxPDCTJ_x",
          "checksum": "0bd811704d5d41c87545473b9b04ccb6"
        },
        {
          "type": "cssRules",
          "assetId": "OvMxPDCTJ_x",
          "checksum": "0bd811704d5d41c87545473b9b04ccb6"
        },
        {
          "type": "renderModule",
          "assetId": "EH7DMpItsHSa",
          "checksum": "06a16d46a224f73ba5b5932284f3e1ad"
        },
        {
          "type": "cssRules",
          "assetId": "EH7DMpItsHSa",
          "checksum": "06a16d46a224f73ba5b5932284f3e1ad"
        },
        {
          "type": "renderModule",
          "assetId": "CSq5DvY15ke",
          "checksum": "29e57d31cb28901ff2c0687b9f31260e"
        },
        {
          "type": "cssRules",
          "assetId": "CSq5DvY15ke",
          "checksum": "29e57d31cb28901ff2c0687b9f31260e"
        },
        {
          "type": "renderModule",
          "assetId": "g-JTfsy1AV8",
          "checksum": "bed5fdf6cd4026417c1c864d748fa598"
        },
        {
          "type": "cssRules",
          "assetId": "g-JTfsy1AV8",
          "checksum": "bed5fdf6cd4026417c1c864d748fa598"
        },
        {
          "type": "renderModule",
          "assetId": "jF1x-X1nWSN",
          "checksum": "8c5f084fe7486325a90255bf13f0cd5f"
        },
        {
          "type": "cssRules",
          "assetId": "jF1x-X1nWSN",
          "checksum": "8c5f084fe7486325a90255bf13f0cd5f"
        },
        {
          "type": "renderModule",
          "assetId": "fXH2_Fxbhwf",
          "checksum": "c0fc4e1a45435d4edf8cb19ec998c749"
        },
        {
          "type": "cssRules",
          "assetId": "fXH2_Fxbhwf",
          "checksum": "c0fc4e1a45435d4edf8cb19ec998c749"
        },
        {
          "type": "renderModule",
          "assetId": "EEZbiOYEIeX",
          "checksum": "dbfd0984adf874a19d660854627b95ff"
        },
        {
          "type": "cssRules",
          "assetId": "EEZbiOYEIeX",
          "checksum": "dbfd0984adf874a19d660854627b95ff"
        },
        {
          "type": "renderModule",
          "assetId": "Q0V_0uzKUkU",
          "checksum": "17aa578171ca69581f5cf7923dfa9c7c"
        },
        {
          "type": "cssRules",
          "assetId": "Q0V_0uzKUkU",
          "checksum": "17aa578171ca69581f5cf7923dfa9c7c"
        },
        {
          "type": "renderModule",
          "assetId": "NDD8Sm8rUkf",
          "checksum": "8dbd0595509dcd723eabb4256ff26899"
        },
        {
          "type": "cssRules",
          "assetId": "NDD8Sm8rUkf",
          "checksum": "8dbd0595509dcd723eabb4256ff26899"
        },
        {
          "type": "renderModule",
          "assetId": "s9MDnPLue4Q",
          "checksum": "7091d9e9dfdebbf944ce279a26c4399c"
        },
        {
          "type": "cssRules",
          "assetId": "s9MDnPLue4Q",
          "checksum": "7091d9e9dfdebbf944ce279a26c4399c"
        },
        {
          "type": "renderModule",
          "assetId": "6IJCUhb3TXZ",
          "checksum": "bc9017a124ba3c385024b0ff60aae810"
        },
        {
          "type": "cssRules",
          "assetId": "6IJCUhb3TXZ",
          "checksum": "bc9017a124ba3c385024b0ff60aae810"
        },
        {
          "type": "renderModule",
          "assetId": "reQfT9Z386x",
          "checksum": "695ab64f94b5bb89492c35392c57bcf6"
        },
        {
          "type": "cssRules",
          "assetId": "reQfT9Z386x",
          "checksum": "695ab64f94b5bb89492c35392c57bcf6"
        },
        {
          "type": "renderModule",
          "assetId": "8UuReRWrAJ8",
          "checksum": "89de917f5c2c75b676fd6c4122c616e0"
        },
        {
          "type": "cssRules",
          "assetId": "8UuReRWrAJ8",
          "checksum": "89de917f5c2c75b676fd6c4122c616e0"
        },
        {
          "type": "renderModule",
          "assetId": "S3Z2-bjrYEx",
          "checksum": "ec3c2a9413a04de1db51bdf3bc8c99ce"
        },
        {
          "type": "cssRules",
          "assetId": "S3Z2-bjrYEx",
          "checksum": "ec3c2a9413a04de1db51bdf3bc8c99ce"
        },
        {
          "type": "renderModule",
          "assetId": "cviDv8UFFe8",
          "checksum": "04e1157f64703089e575079f1eec33e0"
        },
        {
          "type": "cssRules",
          "assetId": "cviDv8UFFe8",
          "checksum": "04e1157f64703089e575079f1eec33e0"
        },
        {
          "type": "renderModule",
          "assetId": "hw4bHN5M-0W",
          "checksum": "ed9b52af01419a8b348e0f5ee4b5dc64"
        },
        {
          "type": "cssRules",
          "assetId": "hw4bHN5M-0W",
          "checksum": "ed9b52af01419a8b348e0f5ee4b5dc64"
        },
        {
          "type": "renderModule",
          "assetId": "SCf9T5aUfY",
          "checksum": "6dad14e5d63a8ca8a349a1512a78c05e"
        },
        {
          "type": "cssRules",
          "assetId": "SCf9T5aUfY",
          "checksum": "6dad14e5d63a8ca8a349a1512a78c05e"
        },
        {
          "type": "renderModule",
          "assetId": "UEK_c6mxVWq",
          "checksum": "cf54a50c563c823fcefd89e916999b6a"
        },
        {
          "type": "cssRules",
          "assetId": "UEK_c6mxVWq",
          "checksum": "cf54a50c563c823fcefd89e916999b6a"
        },
        {
          "type": "renderModule",
          "assetId": "fwFhbTT3LFO",
          "checksum": "d0181d772080615c0a0bb29995d1b207"
        },
        {
          "type": "cssRules",
          "assetId": "fwFhbTT3LFO",
          "checksum": "d0181d772080615c0a0bb29995d1b207"
        },
        {
          "type": "renderModule",
          "assetId": "laQG7AfxmqV",
          "checksum": "f910e8c1d6860a584131822484dcec32"
        },
        {
          "type": "cssRules",
          "assetId": "laQG7AfxmqV",
          "checksum": "f910e8c1d6860a584131822484dcec32"
        },
        {
          "type": "renderModule",
          "assetId": "2FmHKYp2yyp",
          "checksum": "72b2342ccbadcbd9c5363760a9acad90"
        },
        {
          "type": "cssRules",
          "assetId": "2FmHKYp2yyp",
          "checksum": "72b2342ccbadcbd9c5363760a9acad90"
        },
        {
          "type": "renderModule",
          "assetId": "xDVaEOkZ6ne",
          "checksum": "44dcd1781decb780538483de984d8c72"
        },
        {
          "type": "cssRules",
          "assetId": "xDVaEOkZ6ne",
          "checksum": "44dcd1781decb780538483de984d8c72"
        },
        {
          "type": "renderModule",
          "assetId": "YryvDymI0QD",
          "checksum": "1d29cb8c9799922fe92a5909ef17e6df"
        },
        {
          "type": "cssRules",
          "assetId": "YryvDymI0QD",
          "checksum": "1d29cb8c9799922fe92a5909ef17e6df"
        },
        {
          "type": "renderModule",
          "assetId": "x_VY91N3mL4",
          "checksum": "99d02d0ae7895e4d71ff01157db54ff8"
        },
        {
          "type": "cssRules",
          "assetId": "x_VY91N3mL4",
          "checksum": "99d02d0ae7895e4d71ff01157db54ff8"
        },
        {
          "type": "renderModule",
          "assetId": "dYT-_E3U63t",
          "checksum": "020362ed2b993299150d35229daa5b61"
        },
        {
          "type": "cssRules",
          "assetId": "dYT-_E3U63t",
          "checksum": "020362ed2b993299150d35229daa5b61"
        },
        {
          "type": "renderModule",
          "assetId": "f7grBJUEVAh",
          "checksum": "97c04ec729350848c0f72a263fafddde"
        },
        {
          "type": "cssRules",
          "assetId": "f7grBJUEVAh",
          "checksum": "97c04ec729350848c0f72a263fafddde"
        },
        {
          "type": "renderModule",
          "assetId": "A_APf0xiJBc",
          "checksum": "f38bfc41e9622a5c066f290c732b62fc"
        },
        {
          "type": "cssRules",
          "assetId": "A_APf0xiJBc",
          "checksum": "f38bfc41e9622a5c066f290c732b62fc"
        },
        {
          "type": "renderModule",
          "assetId": "38Z1OQ4oEu",
          "checksum": "ca86449fc844f38abdc7a2fb5925179f"
        },
        {
          "type": "cssRules",
          "assetId": "38Z1OQ4oEu",
          "checksum": "ca86449fc844f38abdc7a2fb5925179f"
        },
        {
          "type": "icon",
          "assetId": "wwqklLPtbGO",
          "checksum": "888e56bf2b3bf365a0ea651eb176c496"
        },
        {
          "type": "icon",
          "assetId": "vU6_RsMhMnS",
          "checksum": "7e74eb39bfddbb4be925f13c860efb18"
        },
        {
          "type": "icon",
          "assetId": "okYdK7rStz",
          "checksum": "b6dd04c02d243c377cb8376eefd79fc4"
        },
        {
          "type": "icon",
          "assetId": "iRFwBnS_ue",
          "checksum": "365d4092fcaabad80cda83def4ce1f58"
        },
        {
          "type": "icon",
          "assetId": "_k847fNqrn",
          "checksum": "5cb7dded4258d7c51490ec2f62f0f9b5"
        },
        {
          "type": "icon",
          "assetId": "Ui8hihJ34el",
          "checksum": "575f9cc4d3cc3c230b875e242adaf027"
        },
        {
          "type": "icon",
          "assetId": "aSinGb8xGPM",
          "checksum": "9b93bfce902329c6169cd3df38fe2d0e"
        },
        {
          "type": "icon",
          "assetId": "ggU-RCleXq8",
          "checksum": "9f9e57af8a8eb703e70b6e00281f1f23"
        },
        {
          "type": "icon",
          "assetId": "CNcDktYqbAk",
          "checksum": "eac63ed07128e34927b890e2d13504f2"
        },
        {
          "type": "icon",
          "assetId": "wdZlAUYjV_M",
          "checksum": "1ff3f89c56e4ba5b6db143666f446fd6"
        },
        {
          "type": "icon",
          "assetId": "sYYRTWnfiKI",
          "checksum": "a03bd632819396d2ce3176739b062aa3"
        },
        {
          "type": "icon",
          "assetId": "uoTA0MMnyKq",
          "checksum": "b690340d911052379ac9edca30c0bbc3"
        },
        {
          "type": "icon",
          "assetId": "uCAdxxq_BFp",
          "checksum": "f7a5a5d177dd1a7c6e1b46dda2a84f71"
        },
        {
          "type": "icon",
          "assetId": "yAYsIikJDbL",
          "checksum": "2b34426b1a704abc8102d250bf6d1594"
        },
        {
          "type": "icon",
          "assetId": "XY-Xz_Xw_2",
          "checksum": "542dd63ef5fc2dcf16b0480b2bba2754"
        },
        {
          "type": "icon",
          "assetId": "MQ-7bf4O1KM",
          "checksum": "16ee842e650367141200d5e5211ae7c3"
        },
        {
          "type": "icon",
          "assetId": "-4blBYDO4aQ",
          "checksum": "8c2c6a866c6a6e15874197c2246eb3cc"
        },
        {
          "type": "icon",
          "assetId": "jQN2PYl43l",
          "checksum": "5192101b1020234696911551b371b92b"
        },
        {
          "type": "icon",
          "assetId": "aUH-Z_ULa5",
          "checksum": "1ae4060bda501345324d6fc610b5056b"
        },
        {
          "type": "icon",
          "assetId": "fVDV6HIVGS",
          "checksum": "ea3b77f4e9458d541a237c8585fd10aa"
        },
        {
          "type": "icon",
          "assetId": "xV1WvSKD4M",
          "checksum": "25b9ae01ab48f71cdd03e17db5851697"
        },
        {
          "type": "icon",
          "assetId": "vs5qRiFDzzh",
          "checksum": "62643913436037610550dfb5dc017b2d"
        },
        {
          "type": "icon",
          "assetId": "IsBHC9HQFEd",
          "checksum": "b938baca2ae6a194cbc8eff1db160856"
        },
        {
          "type": "icon",
          "assetId": "DFb8w3GwePh",
          "checksum": "819725a2cf01a616053a673b9ed4ba4b"
        },
        {
          "type": "icon",
          "assetId": "Ee4q6b6ruj",
          "checksum": "89eda23ac98e383f82b04e981fbfb246"
        },
        {
          "type": "icon",
          "assetId": "96lmOkK_H",
          "checksum": "8691f039ccb4bcf635bc043d93c13da8"
        },
        {
          "type": "icon",
          "assetId": "aKku3_y_dQ",
          "checksum": "6c6e81c8441ee317893c6c1422c5f29b"
        },
        {
          "type": "icon",
          "assetId": "a7Z29UWuW",
          "checksum": "3f3c49a16d75f098a98cd3a5d9802e40"
        },
        {
          "type": "icon",
          "assetId": "gD5MEw887",
          "checksum": "b71fef1d8c62c6e3a9d6e1f00fbac0c8"
        },
        {
          "type": "icon",
          "assetId": "kRZyqswZc",
          "checksum": "25723acd81fdcca69eb1ea45489c52e9"
        },
        {
          "type": "icon",
          "assetId": "85COJrVb3",
          "checksum": "25de4afc5f262362d26f67e5295d516d"
        },
        {
          "type": "icon",
          "assetId": "U267OFghf",
          "checksum": "dee2a406395ce504daabf471ff1546e8"
        },
        {
          "type": "icon",
          "assetId": "EleV6vyFC",
          "checksum": "92b0fbba1d2e8b67782f2af0676d894e"
        },
        {
          "type": "icon",
          "assetId": "ftMo4WYUE",
          "checksum": "182455bf6da3cc4c33b3d377b22db629"
        },
        {
          "type": "icon",
          "assetId": "YBA9fDzn_",
          "checksum": "dc1e57b94dc7538a94362ac982e88ca7"
        },
        {
          "type": "icon",
          "assetId": "3GeE9xfLJ",
          "checksum": "e263c491c202ee73d6004eb75a049d45"
        },
        {
          "type": "icon",
          "assetId": "lNMT-WL5B",
          "checksum": "3d8b9745bcc2e917fe9711a08bb9f402"
        },
        {
          "type": "icon",
          "assetId": "UHPLS1RgB",
          "checksum": "efab3042057cfdc90c1137ea9818581d"
        },
        {
          "type": "icon",
          "assetId": "E2qL9DKvG",
          "checksum": "34f42164be32ed67ed5a92129ee2fb9e"
        },
        {
          "type": "icon",
          "assetId": "1gLBeasQX",
          "checksum": "f13dd3fd3cf1e76838297364305e95fd"
        },
        {
          "type": "icon",
          "assetId": "0EpOZZ_38",
          "checksum": "59d76d8ce16924d2d49f8e1e59016a14"
        },
        {
          "type": "icon",
          "assetId": "6v5uShw8O",
          "checksum": "13a28fba73b16e93d9c49c5ea7b3329c"
        },
        {
          "type": "icon",
          "assetId": "FMeo6bykj",
          "checksum": "27942e18411627c65d18d47c8492a755"
        },
        {
          "type": "icon",
          "assetId": "IaTPxY3pI",
          "checksum": "4bbb12abc90a8cb3b3f137db92110b01"
        },
        {
          "type": "icon",
          "assetId": "NhZMb6yRD",
          "checksum": "2a6297d30db3dd6bb8304f3a1bbb6c1b"
        },
        {
          "type": "icon",
          "assetId": "5SMzv80W-",
          "checksum": "2fbd547dde42c086dca160332895eee2"
        },
        {
          "type": "icon",
          "assetId": "ysvy7sO7Q",
          "checksum": "0a631b21a5431a657436665219eb04a6"
        },
        {
          "type": "icon",
          "assetId": "kWdS79nZ4",
          "checksum": "db6d0db9d531c07f6c185177e9910774"
        },
        {
          "type": "icon",
          "assetId": "wZWPQV2t5",
          "checksum": "4d0b5f8201d5d2703910551efa32d8b5"
        },
        {
          "type": "icon",
          "assetId": "Cu-cs1vCl",
          "checksum": "c88ab3a988d795098b3de056bb26bb13"
        },
        {
          "type": "image",
          "assetId": "DoVt2fR3QQj",
          "checksum": "b2a98fca37ce3461b6f51ae11de18a74"
        },
        {
          "type": "image",
          "assetId": "kUhRueDRju",
          "checksum": "286d16e6f36a1da6717186d13d124b3b"
        },
        {
          "type": "image",
          "assetId": "HpCQ8AC58",
          "checksum": "34e65c01096d5c3c34f30b34d27e8320"
        },
        {
          "type": "image",
          "assetId": "j7GeMIx_dh",
          "checksum": "36a271e0752d83f372303477a68c5998"
        },
        {
          "type": "image",
          "assetId": "t_dO0nZVmL",
          "checksum": "f2c2d3beb33c6aaa08599f74cbea17de"
        },
        {
          "type": "image",
          "assetId": "OZw5wjiNP",
          "checksum": "867b2bf48d595579aa214a61e166540e"
        },
        {
          "type": "image",
          "assetId": "yOuiknZ-8",
          "checksum": "c6c229fdf55237dec4c18c6a62801fe6"
        },
        {
          "type": "image",
          "assetId": "x81iJZ2xM",
          "checksum": "b63f0370c67c69b0e73cd21c318910dc"
        },
        {
          "type": "image",
          "assetId": "KTHsu0hVU",
          "checksum": "a8c96f2331bf94432f808d0d21fe70b4"
        },
        {
          "type": "image",
          "assetId": "q4eI4yqkM",
          "checksum": "79f96c55ae29252281a748eb5439bbba"
        },
        {
          "type": "image",
          "assetId": "nOWvjv1Ix",
          "checksum": "dbb5c5fce61fbd700ad2ac036b77828c"
        },
        {
          "type": "image",
          "assetId": "T28Zbh57F",
          "checksum": "d9dde35d6b169e75fdcf483d421bdae2"
        },
        {
          "type": "image",
          "assetId": "HA19jMDvt",
          "checksum": "a2b0cff70edcf6d485685c440905cfee"
        },
        {
          "type": "image",
          "assetId": "gn5cLoXIU",
          "checksum": "8730cd30d19979052be0c75cfce4867a"
        },
        {
          "type": "image",
          "assetId": "MpIdmHNQ-",
          "checksum": "b5af6e3cccabc43c82f147b9bc410afb"
        },
        {
          "type": "image",
          "assetId": "sGlvfvWa7",
          "checksum": "d852697b5adffc98f09bdb7fed3a69a6"
        },
        {
          "type": "image",
          "assetId": "Ll3hd0qfu",
          "checksum": "448f5b4dcc0bbc07d0e8d7d364a0b262"
        },
        {
          "type": "image",
          "assetId": "Nqwrsak57",
          "checksum": "e8d09141b11cb44f0613bcc2743d4454"
        },
        {
          "type": "image",
          "assetId": "dxTEqnrA_",
          "checksum": "d7632324e441bda6478bc0728f7f457e"
        },
        {
          "type": "image",
          "assetId": "RUtFXzAwV",
          "checksum": "5fac46cb0eb9db06dee842f73c0eab6e"
        },
        {
          "type": "image",
          "assetId": "iXXfnjyUlY",
          "checksum": "5a132b20c77dd2b71c71e8eaed6f986e"
        },
        {
          "type": "image",
          "assetId": "aumBJd7n8r",
          "checksum": "f0e050a8f08d8a74f9931ac5adc33df5"
        },
        {
          "type": "image",
          "assetId": "D7jSqY4rWF",
          "checksum": "c74a85696201a35af54d92232647f260"
        },
        {
          "type": "image",
          "assetId": "-otrIe-1Sq",
          "checksum": "37e50df28c8f3050d96916f6b4fcc2d1"
        },
        {
          "type": "image",
          "assetId": "kMxnz6BnEs",
          "checksum": "060574b6f7b27916791a0102b992b078"
        },
        {
          "type": "image",
          "assetId": "-ISCP-Ikh",
          "checksum": "3ad6b4774a44a82af9111567e2628446"
        },
        {
          "type": "image",
          "assetId": "TcZgXCAhPH",
          "checksum": "7886f6b78535e95c5387d453304a670c"
        },
        {
          "type": "image",
          "assetId": "gq8w0NrTAy",
          "checksum": "2f0891e27c402a3c400bb066d42ef615"
        },
        {
          "type": "image",
          "assetId": "KUoCR--KAl",
          "checksum": "0107d845f6f058ace8a3049a3ba7a228"
        },
        {
          "type": "image",
          "assetId": "qmefdYJlQt",
          "checksum": "bbfc17cc841995305717beb473960d60"
        },
        {
          "type": "image",
          "assetId": "W_7vk3fl0D",
          "checksum": "58369cab9597d42c4e78c9d633bc8068"
        },
        {
          "type": "image",
          "assetId": "Owk63HSsX8",
          "checksum": "0163a57bee177f960e7a5ecdd5a53c63"
        },
        {
          "type": "image",
          "assetId": "1-HT3Ij9y",
          "checksum": "a93839c6c4a79f528eee3c50b291b2d3"
        },
        {
          "type": "image",
          "assetId": "nKeetk24K",
          "checksum": "645a6682af90c59913db9f384d0053ab"
        },
        {
          "type": "image",
          "assetId": "Wu_maN8-y",
          "checksum": "b7f34832f3c097c962e3113b607485da"
        },
        {
          "type": "image",
          "assetId": "HElBxCFouW",
          "checksum": "9da9c222b41223f828dba0a7a1dd92f6"
        },
        {
          "type": "image",
          "assetId": "t4wG2wzMA",
          "checksum": "7b3849a62906e44d806f5dc1458bc823"
        },
        {
          "type": "image",
          "assetId": "ziXGklYMi",
          "checksum": "ab2d87da30bbd1eeda1e7d606f07d451"
        },
        {
          "type": "image",
          "assetId": "L-0z4TZbw",
          "checksum": "f8b64bc036ec4a993b32eff437f25bf7"
        },
        {
          "type": "image",
          "assetId": "vTD0yccwe",
          "checksum": "31158c92bddb6309ca227dee3e123537"
        },
        {
          "type": "image",
          "assetId": "Zc5vYHNYK",
          "checksum": "9f9b81b08be8bdc49ece112c1eb50e81"
        },
        {
          "type": "image",
          "assetId": "JFts74cwt",
          "checksum": "56b26a1d93c547d6b724eb90b7e2e48f"
        },
        {
          "type": "image",
          "assetId": "Ac4YHlU4v",
          "checksum": "05da9e60f05ca9b6cb1527883d9d2710"
        },
        {
          "type": "image",
          "assetId": "I-HELK9yH",
          "checksum": "8d3720023a12dd3f0227d6dfe81641af"
        },
        {
          "type": "image",
          "assetId": "Fk1XV4-hrc",
          "checksum": "d72c741e8ab20e5641a713d61367a273"
        },
        {
          "type": "image",
          "assetId": "1SHdNuEhKS",
          "checksum": "327bebad76ec2b07337ce1b79cffaf81"
        },
        {
          "type": "image",
          "assetId": "8fWbWbIAuA",
          "checksum": "56c97d8fe35d77bd8b7d0bf4019ae5ba"
        },
        {
          "type": "image",
          "assetId": "t2uxPIZo5Q",
          "checksum": "35f41afa979e86c35a9c8194337f75cb"
        },
        {
          "type": "image",
          "assetId": "0HcZRbRjwW",
          "checksum": "82dc38e7cf1e3874115d08b8476c0bd9"
        },
        {
          "type": "image",
          "assetId": "eU4I10U-s7",
          "checksum": "2db8c88ab1c4ab4d27248fa1003243d1"
        },
        {
          "type": "image",
          "assetId": "DhfD3CMTKi",
          "checksum": "49e25f2fb6fd71bd64c4df2f0cf3d0e3"
        },
        {
          "type": "image",
          "assetId": "pqafBMex-9",
          "checksum": "9e1fa437ba135dcebd611be129fe0388"
        },
        {
          "type": "image",
          "assetId": "Dw34ByA3y",
          "checksum": "4016096685f38091dde375fda5fec08b"
        },
        {
          "type": "image",
          "assetId": "Nu1XjgG0m",
          "checksum": "4b9a56afafc2e4f048d8c2fa31890b7b"
        },
        {
          "type": "image",
          "assetId": "iYGemhHF2",
          "checksum": "9bba6b5fffa59ea6ce67d003377f5e29"
        },
        {
          "type": "image",
          "assetId": "rNLgHhObX",
          "checksum": "39312d814e8ef56f98ac5d628e5d6504"
        },
        {
          "type": "image",
          "assetId": "dPN2mjKHU",
          "checksum": "56320f32ff979a17a29153b3ae53d732"
        },
        {
          "type": "image",
          "assetId": "eH7eoyOK2",
          "checksum": "7098e0879e80edd385bed661eb68858d"
        },
        {
          "type": "image",
          "assetId": "0BC7WCLqX",
          "checksum": "193ddcfda132ef0e07c6298ccc4652c9"
        },
        {
          "type": "image",
          "assetId": "O3zcEucCt",
          "checksum": "4f8058505a9933f141b7f776bbe7ca49"
        },
        {
          "type": "icon",
          "assetId": "VtYABDRst",
          "checksum": "b4d409f293de938bb0721ee5c3adff20"
        },
        {
          "type": "icon",
          "assetId": "rEv2pbypY",
          "checksum": "ea8aaa67937a83ade763fa802a84433b"
        },
        {
          "type": "renderModule",
          "assetId": "IMemp7VWpO",
          "checksum": "64bffa52c02690ad4024d83d326f602a"
        },
        {
          "type": "cssRules",
          "assetId": "IMemp7VWpO",
          "checksum": "64bffa52c02690ad4024d83d326f602a"
        },
        {
          "type": "image",
          "assetId": "Q5AHUSCkf",
          "checksum": "8ab3f76e828211d24cfb3b52065f1251"
        },
        {
          "type": "renderModule",
          "assetId": "6B14PY8_QE",
          "checksum": "1731997c2f9cace21b6eeaf327527e4b"
        },
        {
          "type": "cssRules",
          "assetId": "6B14PY8_QE",
          "checksum": "1731997c2f9cace21b6eeaf327527e4b"
        },
        {
          "assetId": "q7hWdoDc5Fm3y1TqrPvEG7",
          "type": "projectCss",
          "checksum": "4c9495fd9e778d24a14faaf8b65de867"
        }
      ],
      "codegenVersion": "0.0.1"
    }
  ],
  "cliVersion": "0.1.167"
}
